
Microsoft Visual Studio Solution File, Format Version 12.00
# Visual Studio Version 16
VisualStudioVersion = 16.0.30717.126
MinimumVisualStudioVersion = 10.0.40219.1
Project("{FAE04EC0-301F-11D3-BF4B-00C04F79EFBC}") = "EpicUniversity", "EpicUniversity\EpicUniversity.csproj", "{994EBB89-7808-4A4A-9535-9E8B27CE329E}"
EndProject
Global
	GlobalSection(SolutionConfigurationPlatforms) = preSolution
		Debug|Any CPU = Debug|Any CPU
		Release|Any CPU = Release|Any CPU
	EndGlobalSection
	GlobalSection(ProjectConfigurationPlatforms) = postSolution
		{994EBB89-7808-4A4A-9535-9E8B27CE329E}.Debug|Any CPU.ActiveCfg = Debug|Any CPU
		{994EBB89-7808-4A4A-9535-9E8B27CE329E}.Debug|Any CPU.Build.0 = Debug|Any CPU
		{994EBB89-7808-4A4A-9535-9E8B27CE329E}.Release|Any CPU.ActiveCfg = Release|Any CPU
		{994EBB89-7808-4A4A-9535-9E8B27CE329E}.Release|Any CPU.Build.0 = Release|Any CPU
	EndGlobalSection
	GlobalSection(SolutionProperties) = preSolution
		HideSolutionNode = FALSE
	EndGlobalSection
	GlobalSection(ExtensibilityGlobals) = postSolution
		SolutionGuid = {D16F8EA9-B2FB-4856-8D18-F1E7F31B42B3}
	EndGlobalSection
EndGlobal
